
Microsoft Visual Studio Solution File, Format Version 12.00
# Visual Studio Version 16
VisualStudioVersion = 16.0.29519.87
MinimumVisualStudioVersion = 10.0.40219.1
Project("{9A19103F-16F7-4668-BE54-9A1E7A4F7556}") = "FitnessClub", "FitnessClub.csproj", "{BC72F32E-EF66-4D85-B8E4-C11189EF809B}"
EndProject
Project("{9A19103F-16F7-4668-BE54-9A1E7A4F7556}") = "FC.Data", "..\RepoPattern\FC.Data.csproj", "{A6F3449F-17FA-4A07-A61C-FD9258B09DD7}"
EndProject
Global
	GlobalSection(SolutionConfigurationPlatforms) = preSolution
		Debug|Any CPU = Debug|Any CPU
		Release|Any CPU = Release|Any CPU
	EndGlobalSection
	GlobalSection(ProjectConfigurationPlatforms) = postSolution
		{BC72F32E-EF66-4D85-B8E4-C11189EF809B}.Debug|Any CPU.ActiveCfg = Debug|Any CPU
		{BC72F32E-EF66-4D85-B8E4-C11189EF809B}.Debug|Any CPU.Build.0 = Debug|Any CPU
		{BC72F32E-EF66-4D85-B8E4-C11189EF809B}.Release|Any CPU.ActiveCfg = Release|Any CPU
		{BC72F32E-EF66-4D85-B8E4-C11189EF809B}.Release|Any CPU.Build.0 = Release|Any CPU
		{A6F3449F-17FA-4A07-A61C-FD9258B09DD7}.Debug|Any CPU.ActiveCfg = Debug|Any CPU
		{A6F3449F-17FA-4A07-A61C-FD9258B09DD7}.Debug|Any CPU.Build.0 = Debug|Any CPU
		{A6F3449F-17FA-4A07-A61C-FD9258B09DD7}.Release|Any CPU.ActiveCfg = Release|Any CPU
		{A6F3449F-17FA-4A07-A61C-FD9258B09DD7}.Release|Any CPU.Build.0 = Release|Any CPU
	EndGlobalSection
	GlobalSection(SolutionProperties) = preSolution
		HideSolutionNode = FALSE
	EndGlobalSection
	GlobalSection(ExtensibilityGlobals) = postSolution
		SolutionGuid = {EA0931FB-3DCB-4236-A9A3-20F146EBB111}
	EndGlobalSection
EndGlobal
